// !$*UTF8*$!
{
	archiveVersion = 1;
	classes = {
	};
	objectVersion = 52;
	objects = {

/* Begin PBXBuildFile section */
		6B06A663258EB464009E07FA /* OverDoseDeathViewModel.swift in Sources */ = {isa = PBXBuildFile; fileRef = 6B06A662258EB464009E07FA /* OverDoseDeathViewModel.swift */; };
		6B06A667258EB480009E07FA /* OverDose.swift in Sources */ = {isa = PBXBuildFile; fileRef = 6B06A666258EB480009E07FA /* OverDose.swift */; };
		6B0ADB8F25852330007BD794 /* GraphView.swift in Sources */ = {isa = PBXBuildFile; fileRef = 6B0ADB8E25852330007BD794 /* GraphView.swift */; };
		6B0ADBA825852350007BD794 /* LineChartView.swift in Sources */ = {isa = PBXBuildFile; fileRef = 6B0ADBA725852350007BD794 /* LineChartView.swift */; };
		6B0ADBBD25852361007BD794 /* CoronaTracker.xcdatamodeld in Sources */ = {isa = PBXBuildFile; fileRef = 6B0ADBBB25852361007BD794 /* CoronaTracker.xcdatamodeld */; };
		6B0ADBC72585236A007BD794 /* CoronaClient.swift in Sources */ = {isa = PBXBuildFile; fileRef = 6B0ADBC62585236A007BD794 /* CoronaClient.swift */; };
		6B0ADBD62585239A007BD794 /* Covid.graphql.json in Resources */ = {isa = PBXBuildFile; fileRef = 6B0ADBD52585239A007BD794 /* Covid.graphql.json */; };
		6B0ADBDC258523F7007BD794 /* ApolloSQLite in Frameworks */ = {isa = PBXBuildFile; productRef = 6B0ADBDB258523F7007BD794 /* ApolloSQLite */; };
		6B0ADBDE258523F7007BD794 /* ApolloCore in Frameworks */ = {isa = PBXBuildFile; productRef = 6B0ADBDD258523F7007BD794 /* ApolloCore */; };
		6B0ADBE0258523F7007BD794 /* ApolloWebSocket in Frameworks */ = {isa = PBXBuildFile; productRef = 6B0ADBDF258523F7007BD794 /* ApolloWebSocket */; };
		6B0ADBE2258523F7007BD794 /* Apollo in Frameworks */ = {isa = PBXBuildFile; productRef = 6B0ADBE1258523F7007BD794 /* Apollo */; };
		6B0ADBE7258523F7007BD794 /* ApolloCodegenLib in Frameworks */ = {isa = PBXBuildFile; productRef = 6B0ADBE6258523F7007BD794 /* ApolloCodegenLib */; };
		6B0ADBED2585242F007BD794 /* FancyScrollView in Frameworks */ = {isa = PBXBuildFile; productRef = 6B0ADBEC2585242F007BD794 /* FancyScrollView */; };
		6B0ADBF22585246A007BD794 /* SwiftUICharts in Frameworks */ = {isa = PBXBuildFile; productRef = 6B0ADBF12585246A007BD794 /* SwiftUICharts */; };
		6B0ADBF7258524BA007BD794 /* Neumorphic in Frameworks */ = {isa = PBXBuildFile; productRef = 6B0ADBF6258524BA007BD794 /* Neumorphic */; };
		6B0ADBFC258524EF007BD794 /* URLImage in Frameworks */ = {isa = PBXBuildFile; productRef = 6B0ADBFB258524EF007BD794 /* URLImage */; };
		6B0ADC0425853A0A007BD794 /* Helpers.swift in Sources */ = {isa = PBXBuildFile; fileRef = 6B0ADC0325853A0A007BD794 /* Helpers.swift */; };
		6B0ADC0A25853A2A007BD794 /* Summary.swift in Sources */ = {isa = PBXBuildFile; fileRef = 6B0ADC0925853A2A007BD794 /* Summary.swift */; };
		6B0ADC0E25853A2D007BD794 /* Country.swift in Sources */ = {isa = PBXBuildFile; fileRef = 6B0ADC0D25853A2D007BD794 /* Country.swift */; };
		6B0ADC1625853A4A007BD794 /* DataController.swift in Sources */ = {isa = PBXBuildFile; fileRef = 6B0ADC1525853A4A007BD794 /* DataController.swift */; };
		6B0ADC1C25853A61007BD794 /* CountryData.swift in Sources */ = {isa = PBXBuildFile; fileRef = 6B0ADC1B25853A61007BD794 /* CountryData.swift */; };
		6B0ADC2225853A74007BD794 /* Line.swift in Sources */ = {isa = PBXBuildFile; fileRef = 6B0ADC2125853A74007BD794 /* Line.swift */; };
		6B0ADC2625853A7D007BD794 /* MagnifierRect.swift in Sources */ = {isa = PBXBuildFile; fileRef = 6B0ADC2525853A7D007BD794 /* MagnifierRect.swift */; };
		6B0ADC2A25853A82007BD794 /* Path+QuadCurve.swift in Sources */ = {isa = PBXBuildFile; fileRef = 6B0ADC2925853A82007BD794 /* Path+QuadCurve.swift */; };
		6B0ADC2E25853A8E007BD794 /* Legend.swift in Sources */ = {isa = PBXBuildFile; fileRef = 6B0ADC2D25853A8E007BD794 /* Legend.swift */; };
		6B0ADC3A25853AA7007BD794 /* IndicatorPoint.swift in Sources */ = {isa = PBXBuildFile; fileRef = 6B0ADC3925853AA7007BD794 /* IndicatorPoint.swift */; };
		6B0BB4F62583251C00122B32 /* KingfisherSwiftUI in Frameworks */ = {isa = PBXBuildFile; productRef = 6B0BB4F52583251C00122B32 /* KingfisherSwiftUI */; };
		6B1026B2258E39CF00C0334F /* TwitterCardView.swift in Sources */ = {isa = PBXBuildFile; fileRef = 6B1026B1258E39CF00C0334F /* TwitterCardView.swift */; };
		6B1801E225868BCD00EF39DA /* NewsDetailView.swift in Sources */ = {isa = PBXBuildFile; fileRef = 6B1801E125868BCD00EF39DA /* NewsDetailView.swift */; };
		6B1FA4B12591169200158823 /* QuestionarreLineOfWorkView.swift in Sources */ = {isa = PBXBuildFile; fileRef = 6B1FA4B02591169200158823 /* QuestionarreLineOfWorkView.swift */; };
		6B1FA4B525911BCE00158823 /* SymptomAnaylsisView.swift in Sources */ = {isa = PBXBuildFile; fileRef = 6B1FA4B425911BCE00158823 /* SymptomAnaylsisView.swift */; };
		6B2E8EA7259142A1004A9A2A /* Model.swift in Sources */ = {isa = PBXBuildFile; fileRef = 6B2E8EA6259142A1004A9A2A /* Model.swift */; };
		6B2E8EAB259142A9004A9A2A /* CovidFetchRequest.swift in Sources */ = {isa = PBXBuildFile; fileRef = 6B2E8EAA259142A8004A9A2A /* CovidFetchRequest.swift */; };
		6B2E8EB025914302004A9A2A /* StateDataViewII.swift in Sources */ = {isa = PBXBuildFile; fileRef = 6B2E8EAF25914302004A9A2A /* StateDataViewII.swift */; };
		6B2E8EB42591430B004A9A2A /* StateDetailViewII.swift in Sources */ = {isa = PBXBuildFile; fileRef = 6B2E8EB32591430B004A9A2A /* StateDetailViewII.swift */; };
		6B2E8EB8259143B9004A9A2A /* StateListHeaderView.swift in Sources */ = {isa = PBXBuildFile; fileRef = 6B2E8EB7259143B9004A9A2A /* StateListHeaderView.swift */; };
		6B2E8EBC259143C3004A9A2A /* StateDetailRow.swift in Sources */ = {isa = PBXBuildFile; fileRef = 6B2E8EBB259143C3004A9A2A /* StateDetailRow.swift */; };
		6B2E8EC0259143CB004A9A2A /* StateDataRowView.swift in Sources */ = {isa = PBXBuildFile; fileRef = 6B2E8EBF259143CB004A9A2A /* StateDataRowView.swift */; };
		6B3D7A5D2581C49F00B10B63 /* NumberFormatter.swift in Sources */ = {isa = PBXBuildFile; fileRef = 6B3D7A5C2581C49F00B10B63 /* NumberFormatter.swift */; };
		6B3D7A622581C79D00B10B63 /* NavigationLazyStack.swift in Sources */ = {isa = PBXBuildFile; fileRef = 6B3D7A612581C79D00B10B63 /* NavigationLazyStack.swift */; };
		6B639B812592BADA00BA8818 /* TabHomeView.swift in Sources */ = {isa = PBXBuildFile; fileRef = 6B639B802592BADA00BA8818 /* TabHomeView.swift */; };
		6B639B852592CA5E00BA8818 /* StateNewsCard.swift in Sources */ = {isa = PBXBuildFile; fileRef = 6B639B842592CA5E00BA8818 /* StateNewsCard.swift */; };
		6B8C3EB92586D4E200D141D0 /* TwitterViewController.swift in Sources */ = {isa = PBXBuildFile; fileRef = 6B8C3EB82586D4E200D141D0 /* TwitterViewController.swift */; };
		6B8C3EBD2586D74D00D141D0 /* Twitter.swift in Sources */ = {isa = PBXBuildFile; fileRef = 6B8C3EBC2586D74D00D141D0 /* Twitter.swift */; };
		6B8D80732593860B005CE4CF /* StatNewsLargeCard.swift in Sources */ = {isa = PBXBuildFile; fileRef = 6B8D80722593860B005CE4CF /* StatNewsLargeCard.swift */; };
		6B9265C32592EF9C001FF998 /* StatenewsHorizontalViewCard.swift in Sources */ = {isa = PBXBuildFile; fileRef = 6B9265C22592EF9C001FF998 /* StatenewsHorizontalViewCard.swift */; };
		6B9C5C4D2588552500E60A83 /* StateNewsViewModel.swift in Sources */ = {isa = PBXBuildFile; fileRef = 6B9C5C4C2588552500E60A83 /* StateNewsViewModel.swift */; };
		6BA0A681258124F900CD03A5 /* CovidAlertApp.swift in Sources */ = {isa = PBXBuildFile; fileRef = 6BA0A680258124F900CD03A5 /* CovidAlertApp.swift */; };
		6BA0A683258124F900CD03A5 /* HomeView.swift in Sources */ = {isa = PBXBuildFile; fileRef = 6BA0A682258124F900CD03A5 /* HomeView.swift */; };
		6BA0A685258124FA00CD03A5 /* Assets.xcassets in Resources */ = {isa = PBXBuildFile; fileRef = 6BA0A684258124FA00CD03A5 /* Assets.xcassets */; };
		6BA0A688258124FA00CD03A5 /* Preview Assets.xcassets in Resources */ = {isa = PBXBuildFile; fileRef = 6BA0A687258124FA00CD03A5 /* Preview Assets.xcassets */; };
		6BA0A693258124FA00CD03A5 /* CovidAlertTests.swift in Sources */ = {isa = PBXBuildFile; fileRef = 6BA0A692258124FA00CD03A5 /* CovidAlertTests.swift */; };
		6BA0A69E258124FA00CD03A5 /* CovidAlertUITests.swift in Sources */ = {isa = PBXBuildFile; fileRef = 6BA0A69D258124FA00CD03A5 /* CovidAlertUITests.swift */; };
		6BA0A6B825813D5900CD03A5 /* StateDataView.swift in Sources */ = {isa = PBXBuildFile; fileRef = 6BA0A6B725813D5900CD03A5 /* StateDataView.swift */; };
		6BA0A6C4258143DE00CD03A5 /* NewsDataView.swift in Sources */ = {isa = PBXBuildFile; fileRef = 6BA0A6C3258143DE00CD03A5 /* NewsDataView.swift */; };
		6BA0A6C92581447B00CD03A5 /* AllUSDataView.swift in Sources */ = {isa = PBXBuildFile; fileRef = 6BA0A6C82581447B00CD03A5 /* AllUSDataView.swift */; };
		6BA0A6E92581541500CD03A5 /* TileModifer.swift in Sources */ = {isa = PBXBuildFile; fileRef = 6BA0A6E82581541500CD03A5 /* TileModifer.swift */; };
		6BA5018925829DFB00F5FDB5 /* StateDetailView.swift in Sources */ = {isa = PBXBuildFile; fileRef = 6BA5018825829DFB00F5FDB5 /* StateDetailView.swift */; };
		6BA501912582ADE400F5FDB5 /* StateDetailViewModel.swift in Sources */ = {isa = PBXBuildFile; fileRef = 6BA501902582ADE400F5FDB5 /* StateDetailViewModel.swift */; };
		6BA501962582AE1E00F5FDB5 /* AllStateDetails.swift in Sources */ = {isa = PBXBuildFile; fileRef = 6BA501952582AE1E00F5FDB5 /* AllStateDetails.swift */; };
		6BA5019B2582B76D00F5FDB5 /* State.swift in Sources */ = {isa = PBXBuildFile; fileRef = 6BA5019A2582B76D00F5FDB5 /* State.swift */; };
		6BA501A32583146300F5FDB5 /* NewsDataViewModel.swift in Sources */ = {isa = PBXBuildFile; fileRef = 6BA501A22583146300F5FDB5 /* NewsDataViewModel.swift */; };
		6BA501A82583148100F5FDB5 /* News.swift in Sources */ = {isa = PBXBuildFile; fileRef = 6BA501A72583148100F5FDB5 /* News.swift */; };
		6BAE9C342584243600CA9E16 /* Alamofire in Frameworks */ = {isa = PBXBuildFile; productRef = 6BAE9C332584243600CA9E16 /* Alamofire */; };
		6BAE9C3A2584246B00CA9E16 /* SwiftyJSON in Frameworks */ = {isa = PBXBuildFile; productRef = 6BAE9C392584246B00CA9E16 /* SwiftyJSON */; };
		6BAE9C4F2584509400CA9E16 /* UsTotalViewModel.swift in Sources */ = {isa = PBXBuildFile; fileRef = 6BAE9C4E2584509400CA9E16 /* UsTotalViewModel.swift */; };
		6BAE9C54258451B200CA9E16 /* TotalUS.swift in Sources */ = {isa = PBXBuildFile; fileRef = 6BAE9C53258451B200CA9E16 /* TotalUS.swift */; };
		6BB03E452586BC5E00C66C85 /* StateNewsView1.swift in Sources */ = {isa = PBXBuildFile; fileRef = 6BB03E442586BC5E00C66C85 /* StateNewsView1.swift */; };
		6BC96F752590F883008CF6FF /* SymptomCheckView.swift in Sources */ = {isa = PBXBuildFile; fileRef = 6BC96F742590F883008CF6FF /* SymptomCheckView.swift */; };
		6BC96F7D25910A94008CF6FF /* SymptomCheckDetailView.swift in Sources */ = {isa = PBXBuildFile; fileRef = 6BC96F7C25910A93008CF6FF /* SymptomCheckDetailView.swift */; };
		6BF0F60425815E8700CC427D /* StateDetails.swift in Sources */ = {isa = PBXBuildFile; fileRef = 6BF0F60325815E8700CC427D /* StateDetails.swift */; };
		6BF0F609258160BF00CC427D /* StateDataViewModel.swift in Sources */ = {isa = PBXBuildFile; fileRef = 6BF0F608258160BF00CC427D /* StateDataViewModel.swift */; };
/* End PBXBuildFile section */

/* Begin PBXContainerItemProxy section */
		6BA0A68F258124FA00CD03A5 /* PBXContainerItemProxy */ = {
			isa = PBXContainerItemProxy;
			containerPortal = 6BA0A675258124F900CD03A5 /* Project object */;
			proxyType = 1;
			remoteGlobalIDString = 6BA0A67C258124F900CD03A5;
			remoteInfo = CovidAlert;
		};
		6BA0A69A258124FA00CD03A5 /* PBXContainerItemProxy */ = {
			isa = PBXContainerItemProxy;
			containerPortal = 6BA0A675258124F900CD03A5 /* Project object */;
			proxyType = 1;
			remoteGlobalIDString = 6BA0A67C258124F900CD03A5;
			remoteInfo = CovidAlert;
		};
/* End PBXContainerItemProxy section */

/* Begin PBXCopyFilesBuildPhase section */
		6B0ADBE8258523F7007BD794 /* Embed Frameworks */ = {
			isa = PBXCopyFilesBuildPhase;
			buildActionMask = 2147483647;
			dstPath = "";
			dstSubfolderSpec = 10;
			files = (
			);
			name = "Embed Frameworks";
			runOnlyForDeploymentPostprocessing = 0;
		};
/* End PBXCopyFilesBuildPhase section */

/* Begin PBXFileReference section */
		6B06A662258EB464009E07FA /* OverDoseDeathViewModel.swift */ = {isa = PBXFileReference; lastKnownFileType = sourcecode.swift; path = OverDoseDeathViewModel.swift; sourceTree = "<group>"; };
		6B06A666258EB480009E07FA /* OverDose.swift */ = {isa = PBXFileReference; lastKnownFileType = sourcecode.swift; path = OverDose.swift; sourceTree = "<group>"; };
		6B0ADB8E25852330007BD794 /* GraphView.swift */ = {isa = PBXFileReference; fileEncoding = 4; lastKnownFileType = sourcecode.swift; name = GraphView.swift; path = "../../../../../Downloads/CoronaTracker-master/Project/CoronaTracker/Controller/GraphView.swift"; sourceTree = "<group>"; };
		6B0ADBA725852350007BD794 /* LineChartView.swift */ = {isa = PBXFileReference; fileEncoding = 4; lastKnownFileType = sourcecode.swift; name = LineChartView.swift; path = "../../../../../Downloads/CoronaTracker-master/Project/CoronaTracker/Controller/LineChart/LineChartView.swift"; sourceTree = "<group>"; };
		6B0ADBBC25852361007BD794 /* CoronaTracker.xcdatamodel */ = {isa = PBXFileReference; lastKnownFileType = wrapper.xcdatamodel; path = CoronaTracker.xcdatamodel; sourceTree = "<group>"; };
		6B0ADBC62585236A007BD794 /* CoronaClient.swift */ = {isa = PBXFileReference; fileEncoding = 4; lastKnownFileType = sourcecode.swift; name = CoronaClient.swift; path = "../../../../../Downloads/CoronaTracker-master/Project/CoronaTracker/Model/Networking/CoronaClient.swift"; sourceTree = "<group>"; };
		6B0ADBD52585239A007BD794 /* Covid.graphql.json */ = {isa = PBXFileReference; fileEncoding = 4; lastKnownFileType = text.json; name = Covid.graphql.json; path = ../../../../../Documents/Covid19Final/CovidCount/Helpers/Covid.graphql.json; sourceTree = "<group>"; };
		6B0ADC0325853A0A007BD794 /* Helpers.swift */ = {isa = PBXFileReference; lastKnownFileType = sourcecode.swift; path = Helpers.swift; sourceTree = "<group>"; };
		6B0ADC0925853A2A007BD794 /* Summary.swift */ = {isa = PBXFileReference; lastKnownFileType = sourcecode.swift; path = Summary.swift; sourceTree = "<group>"; };
		6B0ADC0D25853A2D007BD794 /* Country.swift */ = {isa = PBXFileReference; lastKnownFileType = sourcecode.swift; path = Country.swift; sourceTree = "<group>"; };
		6B0ADC1525853A4A007BD794 /* DataController.swift */ = {isa = PBXFileReference; lastKnownFileType = sourcecode.swift; path = DataController.swift; sourceTree = "<group>"; };
		6B0ADC1B25853A61007BD794 /* CountryData.swift */ = {isa = PBXFileReference; lastKnownFileType = sourcecode.swift; path = CountryData.swift; sourceTree = "<group>"; };
		6B0ADC2125853A74007BD794 /* Line.swift */ = {isa = PBXFileReference; lastKnownFileType = sourcecode.swift; path = Line.swift; sourceTree = "<group>"; };
		6B0ADC2525853A7D007BD794 /* MagnifierRect.swift */ = {isa = PBXFileReference; lastKnownFileType = sourcecode.swift; path = MagnifierRect.swift; sourceTree = "<group>"; };
		6B0ADC2925853A82007BD794 /* Path+QuadCurve.swift */ = {isa = PBXFileReference; lastKnownFileType = sourcecode.swift; path = "Path+QuadCurve.swift"; sourceTree = "<group>"; };
		6B0ADC2D25853A8E007BD794 /* Legend.swift */ = {isa = PBXFileReference; lastKnownFileType = sourcecode.swift; path = Legend.swift; sourceTree = "<group>"; };
		6B0ADC3925853AA7007BD794 /* IndicatorPoint.swift */ = {isa = PBXFileReference; lastKnownFileType = sourcecode.swift; path = IndicatorPoint.swift; sourceTree = "<group>"; };
		6B1026B1258E39CF00C0334F /* TwitterCardView.swift */ = {isa = PBXFileReference; lastKnownFileType = sourcecode.swift; path = TwitterCardView.swift; sourceTree = "<group>"; };
		6B1801E125868BCD00EF39DA /* NewsDetailView.swift */ = {isa = PBXFileReference; lastKnownFileType = sourcecode.swift; path = NewsDetailView.swift; sourceTree = "<group>"; };
		6B1FA4B02591169200158823 /* QuestionarreLineOfWorkView.swift */ = {isa = PBXFileReference; lastKnownFileType = sourcecode.swift; path = QuestionarreLineOfWorkView.swift; sourceTree = "<group>"; };
		6B1FA4B425911BCE00158823 /* SymptomAnaylsisView.swift */ = {isa = PBXFileReference; lastKnownFileType = sourcecode.swift; path = SymptomAnaylsisView.swift; sourceTree = "<group>"; };
		6B2E8EA6259142A1004A9A2A /* Model.swift */ = {isa = PBXFileReference; fileEncoding = 4; lastKnownFileType = sourcecode.swift; name = Model.swift; path = ../../../../Documents/Covid19/CovidCount/Model/Model.swift; sourceTree = "<group>"; };
		6B2E8EAA259142A8004A9A2A /* CovidFetchRequest.swift */ = {isa = PBXFileReference; fileEncoding = 4; lastKnownFileType = sourcecode.swift; name = CovidFetchRequest.swift; path = ../../../../Documents/Covid19/CovidCount/Model/CovidFetchRequest.swift; sourceTree = "<group>"; };
		6B2E8EAF25914302004A9A2A /* StateDataViewII.swift */ = {isa = PBXFileReference; fileEncoding = 4; lastKnownFileType = sourcecode.swift; name = StateDataViewII.swift; path = "../../../../../Documents/Covid19/CovidCount/View Controllers/StateDataViewII.swift"; sourceTree = "<group>"; };
		6B2E8EB32591430B004A9A2A /* StateDetailViewII.swift */ = {isa = PBXFileReference; fileEncoding = 4; lastKnownFileType = sourcecode.swift; name = StateDetailViewII.swift; path = "../../../../../Documents/Covid19/CovidCount/View Controllers/StateDetailViewII.swift"; sourceTree = "<group>"; };
		6B2E8EB7259143B9004A9A2A /* StateListHeaderView.swift */ = {isa = PBXFileReference; fileEncoding = 4; lastKnownFileType = sourcecode.swift; name = StateListHeaderView.swift; path = ../../../../../Documents/Covid19/CovidCount/Views/StateListHeaderView.swift; sourceTree = "<group>"; };
		6B2E8EBB259143C3004A9A2A /* StateDetailRow.swift */ = {isa = PBXFileReference; fileEncoding = 4; lastKnownFileType = sourcecode.swift; name = StateDetailRow.swift; path = ../../../../../Documents/Covid19/CovidCount/Views/StateDetailRow.swift; sourceTree = "<group>"; };
		6B2E8EBF259143CB004A9A2A /* StateDataRowView.swift */ = {isa = PBXFileReference; fileEncoding = 4; lastKnownFileType = sourcecode.swift; name = StateDataRowView.swift; path = ../../../../../Documents/Covid19/CovidCount/Views/StateDataRowView.swift; sourceTree = "<group>"; };
		6B3D7A5C2581C49F00B10B63 /* NumberFormatter.swift */ = {isa = PBXFileReference; lastKnownFileType = sourcecode.swift; path = NumberFormatter.swift; sourceTree = "<group>"; };
		6B3D7A612581C79D00B10B63 /* NavigationLazyStack.swift */ = {isa = PBXFileReference; lastKnownFileType = sourcecode.swift; path = NavigationLazyStack.swift; sourceTree = "<group>"; };
		6B639B802592BADA00BA8818 /* TabHomeView.swift */ = {isa = PBXFileReference; lastKnownFileType = sourcecode.swift; path = TabHomeView.swift; sourceTree = "<group>"; };
		6B639B842592CA5E00BA8818 /* StateNewsCard.swift */ = {isa = PBXFileReference; lastKnownFileType = sourcecode.swift; path = StateNewsCard.swift; sourceTree = "<group>"; };
		6B8C3EB82586D4E200D141D0 /* TwitterViewController.swift */ = {isa = PBXFileReference; lastKnownFileType = sourcecode.swift; path = TwitterViewController.swift; sourceTree = "<group>"; };
		6B8C3EBC2586D74D00D141D0 /* Twitter.swift */ = {isa = PBXFileReference; lastKnownFileType = sourcecode.swift; path = Twitter.swift; sourceTree = "<group>"; };
		6B8D80722593860B005CE4CF /* StatNewsLargeCard.swift */ = {isa = PBXFileReference; lastKnownFileType = sourcecode.swift; path = StatNewsLargeCard.swift; sourceTree = "<group>"; };
		6B9265C22592EF9C001FF998 /* StatenewsHorizontalViewCard.swift */ = {isa = PBXFileReference; lastKnownFileType = sourcecode.swift; path = StatenewsHorizontalViewCard.swift; sourceTree = "<group>"; };
		6B9C5C4C2588552500E60A83 /* StateNewsViewModel.swift */ = {isa = PBXFileReference; lastKnownFileType = sourcecode.swift; path = StateNewsViewModel.swift; sourceTree = "<group>"; };
		6BA0A67D258124F900CD03A5 /* CovidAlert.app */ = {isa = PBXFileReference; explicitFileType = wrapper.application; includeInIndex = 0; path = CovidAlert.app; sourceTree = BUILT_PRODUCTS_DIR; };
		6BA0A680258124F900CD03A5 /* CovidAlertApp.swift */ = {isa = PBXFileReference; lastKnownFileType = sourcecode.swift; path = CovidAlertApp.swift; sourceTree = "<group>"; };
		6BA0A682258124F900CD03A5 /* HomeView.swift */ = {isa = PBXFileReference; lastKnownFileType = sourcecode.swift; path = HomeView.swift; sourceTree = "<group>"; };
		6BA0A684258124FA00CD03A5 /* Assets.xcassets */ = {isa = PBXFileReference; lastKnownFileType = folder.assetcatalog; path = Assets.xcassets; sourceTree = "<group>"; };
		6BA0A687258124FA00CD03A5 /* Preview Assets.xcassets */ = {isa = PBXFileReference; lastKnownFileType = folder.assetcatalog; path = "Preview Assets.xcassets"; sourceTree = "<group>"; };
		6BA0A689258124FA00CD03A5 /* Info.plist */ = {isa = PBXFileReference; lastKnownFileType = text.plist.xml; path = Info.plist; sourceTree = "<group>"; };
		6BA0A68E258124FA00CD03A5 /* CovidAlertTests.xctest */ = {isa = PBXFileReference; explicitFileType = wrapper.cfbundle; includeInIndex = 0; path = CovidAlertTests.xctest; sourceTree = BUILT_PRODUCTS_DIR; };
		6BA0A692258124FA00CD03A5 /* CovidAlertTests.swift */ = {isa = PBXFileReference; lastKnownFileType = sourcecode.swift; path = CovidAlertTests.swift; sourceTree = "<group>"; };
		6BA0A694258124FA00CD03A5 /* Info.plist */ = {isa = PBXFileReference; lastKnownFileType = text.plist.xml; path = Info.plist; sourceTree = "<group>"; };
		6BA0A699258124FA00CD03A5 /* CovidAlertUITests.xctest */ = {isa = PBXFileReference; explicitFileType = wrapper.cfbundle; includeInIndex = 0; path = CovidAlertUITests.xctest; sourceTree = BUILT_PRODUCTS_DIR; };
		6BA0A69D258124FA00CD03A5 /* CovidAlertUITests.swift */ = {isa = PBXFileReference; lastKnownFileType = sourcecode.swift; path = CovidAlertUITests.swift; sourceTree = "<group>"; };
		6BA0A69F258124FA00CD03A5 /* Info.plist */ = {isa = PBXFileReference; lastKnownFileType = text.plist.xml; path = Info.plist; sourceTree = "<group>"; };
		6BA0A6B725813D5900CD03A5 /* StateDataView.swift */ = {isa = PBXFileReference; lastKnownFileType = sourcecode.swift; path = StateDataView.swift; sourceTree = "<group>"; };
		6BA0A6C3258143DE00CD03A5 /* NewsDataView.swift */ = {isa = PBXFileReference; lastKnownFileType = sourcecode.swift; path = NewsDataView.swift; sourceTree = "<group>"; };
		6BA0A6C82581447B00CD03A5 /* AllUSDataView.swift */ = {isa = PBXFileReference; lastKnownFileType = sourcecode.swift; path = AllUSDataView.swift; sourceTree = "<group>"; };
		6BA0A6E82581541500CD03A5 /* TileModifer.swift */ = {isa = PBXFileReference; lastKnownFileType = sourcecode.swift; path = TileModifer.swift; sourceTree = "<group>"; };
		6BA5018825829DFB00F5FDB5 /* StateDetailView.swift */ = {isa = PBXFileReference; lastKnownFileType = sourcecode.swift; path = StateDetailView.swift; sourceTree = "<group>"; };
		6BA501902582ADE400F5FDB5 /* StateDetailViewModel.swift */ = {isa = PBXFileReference; lastKnownFileType = sourcecode.swift; path = StateDetailViewModel.swift; sourceTree = "<group>"; };
		6BA501952582AE1E00F5FDB5 /* AllStateDetails.swift */ = {isa = PBXFileReference; lastKnownFileType = sourcecode.swift; path = AllStateDetails.swift; sourceTree = "<group>"; };
		6BA5019A2582B76D00F5FDB5 /* State.swift */ = {isa = PBXFileReference; lastKnownFileType = sourcecode.swift; path = State.swift; sourceTree = "<group>"; };
		6BA501A22583146300F5FDB5 /* NewsDataViewModel.swift */ = {isa = PBXFileReference; lastKnownFileType = sourcecode.swift; path = NewsDataViewModel.swift; sourceTree = "<group>"; };
		6BA501A72583148100F5FDB5 /* News.swift */ = {isa = PBXFileReference; lastKnownFileType = sourcecode.swift; path = News.swift; sourceTree = "<group>"; };
		6BAE9C4E2584509400CA9E16 /* UsTotalViewModel.swift */ = {isa = PBXFileReference; lastKnownFileType = sourcecode.swift; path = UsTotalViewModel.swift; sourceTree = "<group>"; };
		6BAE9C53258451B200CA9E16 /* TotalUS.swift */ = {isa = PBXFileReference; lastKnownFileType = sourcecode.swift; path = TotalUS.swift; sourceTree = "<group>"; };
		6BB03E442586BC5E00C66C85 /* StateNewsView1.swift */ = {isa = PBXFileReference; lastKnownFileType = sourcecode.swift; path = StateNewsView1.swift; sourceTree = "<group>"; };
		6BC96F742590F883008CF6FF /* SymptomCheckView.swift */ = {isa = PBXFileReference; lastKnownFileType = sourcecode.swift; path = SymptomCheckView.swift; sourceTree = "<group>"; };
		6BC96F7C25910A93008CF6FF /* SymptomCheckDetailView.swift */ = {isa = PBXFileReference; lastKnownFileType = sourcecode.swift; path = SymptomCheckDetailView.swift; sourceTree = "<group>"; };
		6BF0F60325815E8700CC427D /* StateDetails.swift */ = {isa = PBXFileReference; lastKnownFileType = sourcecode.swift; path = StateDetails.swift; sourceTree = "<group>"; };
		6BF0F608258160BF00CC427D /* StateDataViewModel.swift */ = {isa = PBXFileReference; lastKnownFileType = sourcecode.swift; path = StateDataViewModel.swift; sourceTree = "<group>"; };
/* End PBXFileReference section */

/* Begin PBXFrameworksBuildPhase section */
		6BA0A67A258124F900CD03A5 /* Frameworks */ = {
			isa = PBXFrameworksBuildPhase;
			buildActionMask = 2147483647;
			files = (
				6B0ADBED2585242F007BD794 /* FancyScrollView in Frameworks */,
				6BAE9C3A2584246B00CA9E16 /* SwiftyJSON in Frameworks */,
				6B0ADBE0258523F7007BD794 /* ApolloWebSocket in Frameworks */,
				6B0ADBDC258523F7007BD794 /* ApolloSQLite in Frameworks */,
				6B0ADBDE258523F7007BD794 /* ApolloCore in Frameworks */,
				6B0ADBE7258523F7007BD794 /* ApolloCodegenLib in Frameworks */,
				6B0BB4F62583251C00122B32 /* KingfisherSwiftUI in Frameworks */,
				6B0ADBFC258524EF007BD794 /* URLImage in Frameworks */,
				6B0ADBF22585246A007BD794 /* SwiftUICharts in Frameworks */,
				6B0ADBF7258524BA007BD794 /* Neumorphic in Frameworks */,
				6B0ADBE2258523F7007BD794 /* Apollo in Frameworks */,
				6BAE9C342584243600CA9E16 /* Alamofire in Frameworks */,
			);
			runOnlyForDeploymentPostprocessing = 0;
		};
		6BA0A68B258124FA00CD03A5 /* Frameworks */ = {
			isa = PBXFrameworksBuildPhase;
			buildActionMask = 2147483647;
			files = (
			);
			runOnlyForDeploymentPostprocessing = 0;
		};
		6BA0A696258124FA00CD03A5 /* Frameworks */ = {
			isa = PBXFrameworksBuildPhase;
			buildActionMask = 2147483647;
			files = (
			);
			runOnlyForDeploymentPostprocessing = 0;
		};
/* End PBXFrameworksBuildPhase section */

/* Begin PBXGroup section */
		6B2E8EAE259142B2004A9A2A /* AllStateList */ = {
			isa = PBXGroup;
			children = (
				6B2E8EAF25914302004A9A2A /* StateDataViewII.swift */,
				6B2E8EB32591430B004A9A2A /* StateDetailViewII.swift */,
				6B2E8EB7259143B9004A9A2A /* StateListHeaderView.swift */,
				6B2E8EBB259143C3004A9A2A /* StateDetailRow.swift */,
				6B2E8EBF259143CB004A9A2A /* StateDataRowView.swift */,
			);
			path = AllStateList;
			sourceTree = "<group>";
		};
		6BA0A674258124F900CD03A5 = {
			isa = PBXGroup;
			children = (
				6BA0A67F258124F900CD03A5 /* CovidAlert */,
				6BA0A691258124FA00CD03A5 /* CovidAlertTests */,
				6BA0A69C258124FA00CD03A5 /* CovidAlertUITests */,
				6BA0A67E258124F900CD03A5 /* Products */,
			);
			sourceTree = "<group>";
		};
		6BA0A67E258124F900CD03A5 /* Products */ = {
			isa = PBXGroup;
			children = (
				6BA0A67D258124F900CD03A5 /* CovidAlert.app */,
				6BA0A68E258124FA00CD03A5 /* CovidAlertTests.xctest */,
				6BA0A699258124FA00CD03A5 /* CovidAlertUITests.xctest */,
			);
			name = Products;
			sourceTree = "<group>";
		};
		6BA0A67F258124F900CD03A5 /* CovidAlert */ = {
			isa = PBXGroup;
			children = (
				6BA0A6BF25813D9D00CD03A5 /* View */,
				6BA0A6BE25813D8800CD03A5 /* Controllers */,
				6BA0A6BD25813D8200CD03A5 /* Model */,
				6BA0A6BC25813D7300CD03A5 /* Helpers */,
				6BA0A680258124F900CD03A5 /* CovidAlertApp.swift */,
				6BA0A684258124FA00CD03A5 /* Assets.xcassets */,
				6BA0A689258124FA00CD03A5 /* Info.plist */,
				6BA0A686258124FA00CD03A5 /* Preview Content */,
			);
			path = CovidAlert;
			sourceTree = "<group>";
		};
		6BA0A686258124FA00CD03A5 /* Preview Content */ = {
			isa = PBXGroup;
			children = (
				6BA0A687258124FA00CD03A5 /* Preview Assets.xcassets */,
			);
			path = "Preview Content";
			sourceTree = "<group>";
		};
		6BA0A691258124FA00CD03A5 /* CovidAlertTests */ = {
			isa = PBXGroup;
			children = (
				6BA0A692258124FA00CD03A5 /* CovidAlertTests.swift */,
				6BA0A694258124FA00CD03A5 /* Info.plist */,
			);
			path = CovidAlertTests;
			sourceTree = "<group>";
		};
		6BA0A69C258124FA00CD03A5 /* CovidAlertUITests */ = {
			isa = PBXGroup;
			children = (
				6BA0A69D258124FA00CD03A5 /* CovidAlertUITests.swift */,
				6BA0A69F258124FA00CD03A5 /* Info.plist */,
			);
			path = CovidAlertUITests;
			sourceTree = "<group>";
		};
		6BA0A6BC25813D7300CD03A5 /* Helpers */ = {
			isa = PBXGroup;
			children = (
				6BA0A6E82581541500CD03A5 /* TileModifer.swift */,
				6B0ADC0325853A0A007BD794 /* Helpers.swift */,
				6B3D7A5C2581C49F00B10B63 /* NumberFormatter.swift */,
				6B3D7A612581C79D00B10B63 /* NavigationLazyStack.swift */,
			);
			path = Helpers;
			sourceTree = "<group>";
		};
		6BA0A6BD25813D8200CD03A5 /* Model */ = {
			isa = PBXGroup;
			children = (
				6BF0F60325815E8700CC427D /* StateDetails.swift */,
				6BA501952582AE1E00F5FDB5 /* AllStateDetails.swift */,
				6BA5019A2582B76D00F5FDB5 /* State.swift */,
				6B0ADC2925853A82007BD794 /* Path+QuadCurve.swift */,
				6BA501A72583148100F5FDB5 /* News.swift */,
				6BAE9C53258451B200CA9E16 /* TotalUS.swift */,
				6B0ADC2D25853A8E007BD794 /* Legend.swift */,
				6B0ADC0925853A2A007BD794 /* Summary.swift */,
				6B0ADC2525853A7D007BD794 /* MagnifierRect.swift */,
				6B0ADC1B25853A61007BD794 /* CountryData.swift */,
				6B0ADC3925853AA7007BD794 /* IndicatorPoint.swift */,
				6B0ADC2125853A74007BD794 /* Line.swift */,
				6B0ADC0D25853A2D007BD794 /* Country.swift */,
				6B8C3EBC2586D74D00D141D0 /* Twitter.swift */,
				6B06A666258EB480009E07FA /* OverDose.swift */,
				6B2E8EA6259142A1004A9A2A /* Model.swift */,
			);
			path = Model;
			sourceTree = "<group>";
		};
		6BA0A6BE25813D8800CD03A5 /* Controllers */ = {
			isa = PBXGroup;
			children = (
				6BF0F608258160BF00CC427D /* StateDataViewModel.swift */,
				6BA501902582ADE400F5FDB5 /* StateDetailViewModel.swift */,
				6BA501A22583146300F5FDB5 /* NewsDataViewModel.swift */,
				6B0ADC1525853A4A007BD794 /* DataController.swift */,
				6BAE9C4E2584509400CA9E16 /* UsTotalViewModel.swift */,
				6B8C3EB82586D4E200D141D0 /* TwitterViewController.swift */,
				6B9C5C4C2588552500E60A83 /* StateNewsViewModel.swift */,
				6B06A662258EB464009E07FA /* OverDoseDeathViewModel.swift */,
				6B2E8EAA259142A8004A9A2A /* CovidFetchRequest.swift */,
			);
			path = Controllers;
			sourceTree = "<group>";
		};
		6BA0A6BF25813D9D00CD03A5 /* View */ = {
			isa = PBXGroup;
			children = (
				6B2E8EAE259142B2004A9A2A /* AllStateList */,
				6BC96F732590F831008CF6FF /* Screenertool */,
				6BC789FD25851BFA008396F4 /* AllUS */,
				6BF0F6102581706100CC427D /* News */,
				6BF0F60F2581705500CC427D /* Graph */,
				6BF0F60E2581704800CC427D /* State */,
				6BF0F60D2581702900CC427D /* Home */,
			);
			path = View;
			sourceTree = "<group>";
		};
		6BC789FD25851BFA008396F4 /* AllUS */ = {
			isa = PBXGroup;
			children = (
				6BA0A6C82581447B00CD03A5 /* AllUSDataView.swift */,
			);
			path = AllUS;
			sourceTree = "<group>";
		};
		6BC96F732590F831008CF6FF /* Screenertool */ = {
			isa = PBXGroup;
			children = (
				6BC96F742590F883008CF6FF /* SymptomCheckView.swift */,
				6BC96F7C25910A93008CF6FF /* SymptomCheckDetailView.swift */,
				6B1FA4B02591169200158823 /* QuestionarreLineOfWorkView.swift */,
				6B1FA4B425911BCE00158823 /* SymptomAnaylsisView.swift */,
			);
			path = Screenertool;
			sourceTree = "<group>";
		};
		6BF0F60D2581702900CC427D /* Home */ = {
			isa = PBXGroup;
			children = (
				6BA0A682258124F900CD03A5 /* HomeView.swift */,
				6B639B802592BADA00BA8818 /* TabHomeView.swift */,
			);
			path = Home;
			sourceTree = "<group>";
		};
		6BF0F60E2581704800CC427D /* State */ = {
			isa = PBXGroup;
			children = (
				6BA0A6B725813D5900CD03A5 /* StateDataView.swift */,
				6BA5018825829DFB00F5FDB5 /* StateDetailView.swift */,
				6BB03E442586BC5E00C66C85 /* StateNewsView1.swift */,
				6B1026B1258E39CF00C0334F /* TwitterCardView.swift */,
			);
			path = State;
			sourceTree = "<group>";
		};
		6BF0F60F2581705500CC427D /* Graph */ = {
			isa = PBXGroup;
			children = (
				6B0ADB8E25852330007BD794 /* GraphView.swift */,
				6B0ADBA725852350007BD794 /* LineChartView.swift */,
				6B0ADBBB25852361007BD794 /* CoronaTracker.xcdatamodeld */,
				6B0ADBC62585236A007BD794 /* CoronaClient.swift */,
				6B0ADBD52585239A007BD794 /* Covid.graphql.json */,
			);
			path = Graph;
			sourceTree = "<group>";
		};
		6BF0F6102581706100CC427D /* News */ = {
			isa = PBXGroup;
			children = (
				6BA0A6C3258143DE00CD03A5 /* NewsDataView.swift */,
				6B1801E125868BCD00EF39DA /* NewsDetailView.swift */,
				6B639B842592CA5E00BA8818 /* StateNewsCard.swift */,
				6B8D80722593860B005CE4CF /* StatNewsLargeCard.swift */,
				6B9265C22592EF9C001FF998 /* StatenewsHorizontalViewCard.swift */,
			);
			path = News;
			sourceTree = "<group>";
		};
/* End PBXGroup section */

/* Begin PBXNativeTarget section */
		6BA0A67C258124F900CD03A5 /* CovidAlert */ = {
			isa = PBXNativeTarget;
			buildConfigurationList = 6BA0A6A2258124FA00CD03A5 /* Build configuration list for PBXNativeTarget "CovidAlert" */;
			buildPhases = (
				6BA0A679258124F900CD03A5 /* Sources */,
				6BA0A67A258124F900CD03A5 /* Frameworks */,
				6BA0A67B258124F900CD03A5 /* Resources */,
				6B0ADBE8258523F7007BD794 /* Embed Frameworks */,
			);
			buildRules = (
			);
			dependencies = (
			);
			name = CovidAlert;
			packageProductDependencies = (
				6B0BB4F52583251C00122B32 /* KingfisherSwiftUI */,
				6BAE9C332584243600CA9E16 /* Alamofire */,
				6BAE9C392584246B00CA9E16 /* SwiftyJSON */,
				6B0ADBDB258523F7007BD794 /* ApolloSQLite */,
				6B0ADBDD258523F7007BD794 /* ApolloCore */,
				6B0ADBDF258523F7007BD794 /* ApolloWebSocket */,
				6B0ADBE1258523F7007BD794 /* Apollo */,
				6B0ADBE6258523F7007BD794 /* ApolloCodegenLib */,
				6B0ADBEC2585242F007BD794 /* FancyScrollView */,
				6B0ADBF12585246A007BD794 /* SwiftUICharts */,
				6B0ADBF6258524BA007BD794 /* Neumorphic */,
				6B0ADBFB258524EF007BD794 /* URLImage */,
			);
			productName = CovidAlert;
			productReference = 6BA0A67D258124F900CD03A5 /* CovidAlert.app */;
			productType = "com.apple.product-type.application";
		};
		6BA0A68D258124FA00CD03A5 /* CovidAlertTests */ = {
			isa = PBXNativeTarget;
			buildConfigurationList = 6BA0A6A5258124FA00CD03A5 /* Build configuration list for PBXNativeTarget "CovidAlertTests" */;
			buildPhases = (
				6BA0A68A258124FA00CD03A5 /* Sources */,
				6BA0A68B258124FA00CD03A5 /* Frameworks */,
				6BA0A68C258124FA00CD03A5 /* Resources */,
			);
			buildRules = (
			);
			dependencies = (
				6BA0A690258124FA00CD03A5 /* PBXTargetDependency */,
			);
			name = CovidAlertTests;
			productName = CovidAlertTests;
			productReference = 6BA0A68E258124FA00CD03A5 /* CovidAlertTests.xctest */;
			productType = "com.apple.product-type.bundle.unit-test";
		};
		6BA0A698258124FA00CD03A5 /* CovidAlertUITests */ = {
			isa = PBXNativeTarget;
			buildConfigurationList = 6BA0A6A8258124FA00CD03A5 /* Build configuration list for PBXNativeTarget "CovidAlertUITests" */;
			buildPhases = (
				6BA0A695258124FA00CD03A5 /* Sources */,
				6BA0A696258124FA00CD03A5 /* Frameworks */,
				6BA0A697258124FA00CD03A5 /* Resources */,
			);
			buildRules = (
			);
			dependencies = (
				6BA0A69B258124FA00CD03A5 /* PBXTargetDependency */,
			);
			name = CovidAlertUITests;
			productName = CovidAlertUITests;
			productReference = 6BA0A699258124FA00CD03A5 /* CovidAlertUITests.xctest */;
			productType = "com.apple.product-type.bundle.ui-testing";
		};
/* End PBXNativeTarget section */

/* Begin PBXProject section */
		6BA0A675258124F900CD03A5 /* Project object */ = {
			isa = PBXProject;
			attributes = {
				LastSwiftUpdateCheck = 1220;
				LastUpgradeCheck = 1220;
				TargetAttributes = {
					6BA0A67C258124F900CD03A5 = {
						CreatedOnToolsVersion = 12.2;
					};
					6BA0A68D258124FA00CD03A5 = {
						CreatedOnToolsVersion = 12.2;
						TestTargetID = 6BA0A67C258124F900CD03A5;
					};
					6BA0A698258124FA00CD03A5 = {
						CreatedOnToolsVersion = 12.2;
						TestTargetID = 6BA0A67C258124F900CD03A5;
					};
				};
			};
			buildConfigurationList = 6BA0A678258124F900CD03A5 /* Build configuration list for PBXProject "CovidAlert" */;
			compatibilityVersion = "Xcode 9.3";
			developmentRegion = en;
			hasScannedForEncodings = 0;
			knownRegions = (
				en,
				Base,
			);
			mainGroup = 6BA0A674258124F900CD03A5;
			packageReferences = (
				6B0BB4F42583251C00122B32 /* XCRemoteSwiftPackageReference "Kingfisher" */,
				6BAE9C322584243600CA9E16 /* XCRemoteSwiftPackageReference "Alamofire" */,
				6BAE9C382584246B00CA9E16 /* XCRemoteSwiftPackageReference "SwiftyJSON" */,
				6B0ADBDA258523F7007BD794 /* XCRemoteSwiftPackageReference "apollo-ios" */,
				6B0ADBEB2585242F007BD794 /* XCRemoteSwiftPackageReference "FancyScrollView" */,
				6B0ADBF02585246A007BD794 /* XCRemoteSwiftPackageReference "ChartView" */,
				6B0ADBF5258524BA007BD794 /* XCRemoteSwiftPackageReference "neumorphic" */,
				6B0ADBFA258524EF007BD794 /* XCRemoteSwiftPackageReference "url-image" */,
			);
			productRefGroup = 6BA0A67E258124F900CD03A5 /* Products */;
			projectDirPath = "";
			projectRoot = "";
			targets = (
				6BA0A67C258124F900CD03A5 /* CovidAlert */,
				6BA0A68D258124FA00CD03A5 /* CovidAlertTests */,
				6BA0A698258124FA00CD03A5 /* CovidAlertUITests */,
			);
		};
/* End PBXProject section */

/* Begin PBXResourcesBuildPhase section */
		6BA0A67B258124F900CD03A5 /* Resources */ = {
			isa = PBXResourcesBuildPhase;
			buildActionMask = 2147483647;
			files = (
				6B0ADBD62585239A007BD794 /* Covid.graphql.json in Resources */,
				6BA0A688258124FA00CD03A5 /* Preview Assets.xcassets in Resources */,
				6BA0A685258124FA00CD03A5 /* Assets.xcassets in Resources */,
			);
			runOnlyForDeploymentPostprocessing = 0;
		};
		6BA0A68C258124FA00CD03A5 /* Resources */ = {
			isa = PBXResourcesBuildPhase;
			buildActionMask = 2147483647;
			files = (
			);
			runOnlyForDeploymentPostprocessing = 0;
		};
		6BA0A697258124FA00CD03A5 /* Resources */ = {
			isa = PBXResourcesBuildPhase;
			buildActionMask = 2147483647;
			files = (
			);
			runOnlyForDeploymentPostprocessing = 0;
		};
/* End PBXResourcesBuildPhase section */

/* Begin PBXSourcesBuildPhase section */
		6BA0A679258124F900CD03A5 /* Sources */ = {
			isa = PBXSourcesBuildPhase;
			buildActionMask = 2147483647;
			files = (
				6B2E8EA7259142A1004A9A2A /* Model.swift in Sources */,
				6B1FA4B12591169200158823 /* QuestionarreLineOfWorkView.swift in Sources */,
				6BC96F752590F883008CF6FF /* SymptomCheckView.swift in Sources */,
				6BA501962582AE1E00F5FDB5 /* AllStateDetails.swift in Sources */,
				6BA0A6E92581541500CD03A5 /* TileModifer.swift in Sources */,
				6BA501A82583148100F5FDB5 /* News.swift in Sources */,
				6B0ADC1C25853A61007BD794 /* CountryData.swift in Sources */,
				6B0ADC0425853A0A007BD794 /* Helpers.swift in Sources */,
				6B0ADC2625853A7D007BD794 /* MagnifierRect.swift in Sources */,
				6B0ADBBD25852361007BD794 /* CoronaTracker.xcdatamodeld in Sources */,
				6BA501912582ADE400F5FDB5 /* StateDetailViewModel.swift in Sources */,
				6B06A667258EB480009E07FA /* OverDose.swift in Sources */,
				6BA5018925829DFB00F5FDB5 /* StateDetailView.swift in Sources */,
				6B9C5C4D2588552500E60A83 /* StateNewsViewModel.swift in Sources */,
				6B06A663258EB464009E07FA /* OverDoseDeathViewModel.swift in Sources */,
				6BB03E452586BC5E00C66C85 /* StateNewsView1.swift in Sources */,
				6B8D80732593860B005CE4CF /* StatNewsLargeCard.swift in Sources */,
				6B0ADC2E25853A8E007BD794 /* Legend.swift in Sources */,
				6B0ADC2225853A74007BD794 /* Line.swift in Sources */,
				6BAE9C4F2584509400CA9E16 /* UsTotalViewModel.swift in Sources */,
				6B2E8EB025914302004A9A2A /* StateDataViewII.swift in Sources */,
				6BA0A683258124F900CD03A5 /* HomeView.swift in Sources */,
				6B2E8EB8259143B9004A9A2A /* StateListHeaderView.swift in Sources */,
				6B639B852592CA5E00BA8818 /* StateNewsCard.swift in Sources */,
				6BA5019B2582B76D00F5FDB5 /* State.swift in Sources */,
				6B0ADC3A25853AA7007BD794 /* IndicatorPoint.swift in Sources */,
				6B3D7A622581C79D00B10B63 /* NavigationLazyStack.swift in Sources */,
				6B0ADBA825852350007BD794 /* LineChartView.swift in Sources */,
				6BF0F609258160BF00CC427D /* StateDataViewModel.swift in Sources */,
				6B0ADC1625853A4A007BD794 /* DataController.swift in Sources */,
				6B2E8EAB259142A9004A9A2A /* CovidFetchRequest.swift in Sources */,
				6B2E8EC0259143CB004A9A2A /* StateDataRowView.swift in Sources */,
				6B1801E225868BCD00EF39DA /* NewsDetailView.swift in Sources */,
				6BAE9C54258451B200CA9E16 /* TotalUS.swift in Sources */,
				6B0ADBC72585236A007BD794 /* CoronaClient.swift in Sources */,
				6B2E8EB42591430B004A9A2A /* StateDetailViewII.swift in Sources */,
				6BF0F60425815E8700CC427D /* StateDetails.swift in Sources */,
				6BA0A6C4258143DE00CD03A5 /* NewsDataView.swift in Sources */,
				6BA0A6C92581447B00CD03A5 /* AllUSDataView.swift in Sources */,
				6B0ADC2A25853A82007BD794 /* Path+QuadCurve.swift in Sources */,
				6B9265C32592EF9C001FF998 /* StatenewsHorizontalViewCard.swift in Sources */,
				6B8C3EB92586D4E200D141D0 /* TwitterViewController.swift in Sources */,
				6BA0A6B825813D5900CD03A5 /* StateDataView.swift in Sources */,
				6B0ADC0A25853A2A007BD794 /* Summary.swift in Sources */,
				6BC96F7D25910A94008CF6FF /* SymptomCheckDetailView.swift in Sources */,
				6B0ADC0E25853A2D007BD794 /* Country.swift in Sources */,
				6B639B812592BADA00BA8818 /* TabHomeView.swift in Sources */,
				6B8C3EBD2586D74D00D141D0 /* Twitter.swift in Sources */,
				6BA501A32583146300F5FDB5 /* NewsDataViewModel.swift in Sources */,
				6B0ADB8F25852330007BD794 /* GraphView.swift in Sources */,
				6B1FA4B525911BCE00158823 /* SymptomAnaylsisView.swift in Sources */,
				6B3D7A5D2581C49F00B10B63 /* NumberFormatter.swift in Sources */,
				6B1026B2258E39CF00C0334F /* TwitterCardView.swift in Sources */,
				6BA0A681258124F900CD03A5 /* CovidAlertApp.swift in Sources */,
				6B2E8EBC259143C3004A9A2A /* StateDetailRow.swift in Sources */,
			);
			runOnlyForDeploymentPostprocessing = 0;
		};
		6BA0A68A258124FA00CD03A5 /* Sources */ = {
			isa = PBXSourcesBuildPhase;
			buildActionMask = 2147483647;
			files = (
				6BA0A693258124FA00CD03A5 /* CovidAlertTests.swift in Sources */,
			);
			runOnlyForDeploymentPostprocessing = 0;
		};
		6BA0A695258124FA00CD03A5 /* Sources */ = {
			isa = PBXSourcesBuildPhase;
			buildActionMask = 2147483647;
			files = (
				6BA0A69E258124FA00CD03A5 /* CovidAlertUITests.swift in Sources */,
			);
			runOnlyForDeploymentPostprocessing = 0;
		};
/* End PBXSourcesBuildPhase section */

/* Begin PBXTargetDependency section */
		6BA0A690258124FA00CD03A5 /* PBXTargetDependency */ = {
			isa = PBXTargetDependency;
			target = 6BA0A67C258124F900CD03A5 /* CovidAlert */;
			targetProxy = 6BA0A68F258124FA00CD03A5 /* PBXContainerItemProxy */;
		};
		6BA0A69B258124FA00CD03A5 /* PBXTargetDependency */ = {
			isa = PBXTargetDependency;
			target = 6BA0A67C258124F900CD03A5 /* CovidAlert */;
			targetProxy = 6BA0A69A258124FA00CD03A5 /* PBXContainerItemProxy */;
		};
/* End PBXTargetDependency section */

/* Begin XCBuildConfiguration section */
		6BA0A6A0258124FA00CD03A5 /* Debug */ = {
			isa = XCBuildConfiguration;
			buildSettings = {
				ALWAYS_SEARCH_USER_PATHS = NO;
				CLANG_ANALYZER_NONNULL = YES;
				CLANG_ANALYZER_NUMBER_OBJECT_CONVERSION = YES_AGGRESSIVE;
				CLANG_CXX_LANGUAGE_STANDARD = "gnu++14";
				CLANG_CXX_LIBRARY = "libc++";
				CLANG_ENABLE_MODULES = YES;
				CLANG_ENABLE_OBJC_ARC = YES;
				CLANG_ENABLE_OBJC_WEAK = YES;
				CLANG_WARN_BLOCK_CAPTURE_AUTORELEASING = YES;
				CLANG_WARN_BOOL_CONVERSION = YES;
				CLANG_WARN_COMMA = YES;
				CLANG_WARN_CONSTANT_CONVERSION = YES;
				CLANG_WARN_DEPRECATED_OBJC_IMPLEMENTATIONS = YES;
				CLANG_WARN_DIRECT_OBJC_ISA_USAGE = YES_ERROR;
				CLANG_WARN_DOCUMENTATION_COMMENTS = YES;
				CLANG_WARN_EMPTY_BODY = YES;
				CLANG_WARN_ENUM_CONVERSION = YES;
				CLANG_WARN_INFINITE_RECURSION = YES;
				CLANG_WARN_INT_CONVERSION = YES;
				CLANG_WARN_NON_LITERAL_NULL_CONVERSION = YES;
				CLANG_WARN_OBJC_IMPLICIT_RETAIN_SELF = YES;
				CLANG_WARN_OBJC_LITERAL_CONVERSION = YES;
				CLANG_WARN_OBJC_ROOT_CLASS = YES_ERROR;
				CLANG_WARN_QUOTED_INCLUDE_IN_FRAMEWORK_HEADER = YES;
				CLANG_WARN_RANGE_LOOP_ANALYSIS = YES;
				CLANG_WARN_STRICT_PROTOTYPES = YES;
				CLANG_WARN_SUSPICIOUS_MOVE = YES;
				CLANG_WARN_UNGUARDED_AVAILABILITY = YES_AGGRESSIVE;
				CLANG_WARN_UNREACHABLE_CODE = YES;
				CLANG_WARN__DUPLICATE_METHOD_MATCH = YES;
				COPY_PHASE_STRIP = NO;
				DEBUG_INFORMATION_FORMAT = dwarf;
				ENABLE_STRICT_OBJC_MSGSEND = YES;
				ENABLE_TESTABILITY = YES;
				GCC_C_LANGUAGE_STANDARD = gnu11;
				GCC_DYNAMIC_NO_PIC = NO;
				GCC_NO_COMMON_BLOCKS = YES;
				GCC_OPTIMIZATION_LEVEL = 0;
				GCC_PREPROCESSOR_DEFINITIONS = (
					"DEBUG=1",
					"$(inherited)",
				);
				GCC_WARN_64_TO_32_BIT_CONVERSION = YES;
				GCC_WARN_ABOUT_RETURN_TYPE = YES_ERROR;
				GCC_WARN_UNDECLARED_SELECTOR = YES;
				GCC_WARN_UNINITIALIZED_AUTOS = YES_AGGRESSIVE;
				GCC_WARN_UNUSED_FUNCTION = YES;
				GCC_WARN_UNUSED_VARIABLE = YES;
				IPHONEOS_DEPLOYMENT_TARGET = 14.2;
				MTL_ENABLE_DEBUG_INFO = INCLUDE_SOURCE;
				MTL_FAST_MATH = YES;
				ONLY_ACTIVE_ARCH = YES;
				SDKROOT = iphoneos;
				SWIFT_ACTIVE_COMPILATION_CONDITIONS = DEBUG;
				SWIFT_OPTIMIZATION_LEVEL = "-Onone";
			};
			name = Debug;
		};
		6BA0A6A1258124FA00CD03A5 /* Release */ = {
			isa = XCBuildConfiguration;
			buildSettings = {
				ALWAYS_SEARCH_USER_PATHS = NO;
				CLANG_ANALYZER_NONNULL = YES;
				CLANG_ANALYZER_NUMBER_OBJECT_CONVERSION = YES_AGGRESSIVE;
				CLANG_CXX_LANGUAGE_STANDARD = "gnu++14";
				CLANG_CXX_LIBRARY = "libc++";
				CLANG_ENABLE_MODULES = YES;
				CLANG_ENABLE_OBJC_ARC = YES;
				CLANG_ENABLE_OBJC_WEAK = YES;
				CLANG_WARN_BLOCK_CAPTURE_AUTORELEASING = YES;
				CLANG_WARN_BOOL_CONVERSION = YES;
				CLANG_WARN_COMMA = YES;
				CLANG_WARN_CONSTANT_CONVERSION = YES;
				CLANG_WARN_DEPRECATED_OBJC_IMPLEMENTATIONS = YES;
				CLANG_WARN_DIRECT_OBJC_ISA_USAGE = YES_ERROR;
				CLANG_WARN_DOCUMENTATION_COMMENTS = YES;
				CLANG_WARN_EMPTY_BODY = YES;
				CLANG_WARN_ENUM_CONVERSION = YES;
				CLANG_WARN_INFINITE_RECURSION = YES;
				CLANG_WARN_INT_CONVERSION = YES;
				CLANG_WARN_NON_LITERAL_NULL_CONVERSION = YES;
				CLANG_WARN_OBJC_IMPLICIT_RETAIN_SELF = YES;
				CLANG_WARN_OBJC_LITERAL_CONVERSION = YES;
				CLANG_WARN_OBJC_ROOT_CLASS = YES_ERROR;
				CLANG_WARN_QUOTED_INCLUDE_IN_FRAMEWORK_HEADER = YES;
				CLANG_WARN_RANGE_LOOP_ANALYSIS = YES;
				CLANG_WARN_STRICT_PROTOTYPES = YES;
				CLANG_WARN_SUSPICIOUS_MOVE = YES;
				CLANG_WARN_UNGUARDED_AVAILABILITY = YES_AGGRESSIVE;
				CLANG_WARN_UNREACHABLE_CODE = YES;
				CLANG_WARN__DUPLICATE_METHOD_MATCH = YES;
				COPY_PHASE_STRIP = NO;
				DEBUG_INFORMATION_FORMAT = "dwarf-with-dsym";
				ENABLE_NS_ASSERTIONS = NO;
				ENABLE_STRICT_OBJC_MSGSEND = YES;
				GCC_C_LANGUAGE_STANDARD = gnu11;
				GCC_NO_COMMON_BLOCKS = YES;
				GCC_WARN_64_TO_32_BIT_CONVERSION = YES;
				GCC_WARN_ABOUT_RETURN_TYPE = YES_ERROR;
				GCC_WARN_UNDECLARED_SELECTOR = YES;
				GCC_WARN_UNINITIALIZED_AUTOS = YES_AGGRESSIVE;
				GCC_WARN_UNUSED_FUNCTION = YES;
				GCC_WARN_UNUSED_VARIABLE = YES;
				IPHONEOS_DEPLOYMENT_TARGET = 14.2;
				MTL_ENABLE_DEBUG_INFO = NO;
				MTL_FAST_MATH = YES;
				SDKROOT = iphoneos;
				SWIFT_COMPILATION_MODE = wholemodule;
				SWIFT_OPTIMIZATION_LEVEL = "-O";
				VALIDATE_PRODUCT = YES;
			};
			name = Release;
		};
		6BA0A6A3258124FA00CD03A5 /* Debug */ = {
			isa = XCBuildConfiguration;
			buildSettings = {
				ASSETCATALOG_COMPILER_APPICON_NAME = AppIcon;
				ASSETCATALOG_COMPILER_GLOBAL_ACCENT_COLOR_NAME = AccentColor;
				CODE_SIGN_STYLE = Automatic;
				DEVELOPMENT_ASSET_PATHS = "\"CovidAlert/Preview Content\"";
				DEVELOPMENT_TEAM = D47C2NZJN5;
				ENABLE_PREVIEWS = YES;
				INFOPLIST_FILE = CovidAlert/Info.plist;
				IPHONEOS_DEPLOYMENT_TARGET = 14.0;
				LD_RUNPATH_SEARCH_PATHS = (
					"$(inherited)",
					"@executable_path/Frameworks",
				);
				PRODUCT_BUNDLE_IDENTIFIER = Matthew.Garlington.CovidAlert;
				PRODUCT_NAME = "$(TARGET_NAME)";
				SWIFT_VERSION = 5.0;
				TARGETED_DEVICE_FAMILY = "1,2";
			};
			name = Debug;
		};
		6BA0A6A4258124FA00CD03A5 /* Release */ = {
			isa = XCBuildConfiguration;
			buildSettings = {
				ASSETCATALOG_COMPILER_APPICON_NAME = AppIcon;
				ASSETCATALOG_COMPILER_GLOBAL_ACCENT_COLOR_NAME = AccentColor;
				CODE_SIGN_STYLE = Automatic;
				DEVELOPMENT_ASSET_PATHS = "\"CovidAlert/Preview Content\"";
				DEVELOPMENT_TEAM = D47C2NZJN5;
				ENABLE_PREVIEWS = YES;
				INFOPLIST_FILE = CovidAlert/Info.plist;
				IPHONEOS_DEPLOYMENT_TARGET = 14.0;
				LD_RUNPATH_SEARCH_PATHS = (
					"$(inherited)",
					"@executable_path/Frameworks",
				);
				PRODUCT_BUNDLE_IDENTIFIER = Matthew.Garlington.CovidAlert;
				PRODUCT_NAME = "$(TARGET_NAME)";
				SWIFT_VERSION = 5.0;
				TARGETED_DEVICE_FAMILY = "1,2";
			};
			name = Release;
		};
		6BA0A6A6258124FA00CD03A5 /* Debug */ = {
			isa = XCBuildConfiguration;
			buildSettings = {
				ALWAYS_EMBED_SWIFT_STANDARD_LIBRARIES = YES;
				BUNDLE_LOADER = "$(TEST_HOST)";
				CODE_SIGN_STYLE = Automatic;
				DEVELOPMENT_TEAM = D47C2NZJN5;
				INFOPLIST_FILE = CovidAlertTests/Info.plist;
				IPHONEOS_DEPLOYMENT_TARGET = 14.0;
				LD_RUNPATH_SEARCH_PATHS = (
					"$(inherited)",
					"@executable_path/Frameworks",
					"@loader_path/Frameworks",
				);
				PRODUCT_BUNDLE_IDENTIFIER = Matthew.Garlington.CovidAlertTests;
				PRODUCT_NAME = "$(TARGET_NAME)";
				SWIFT_VERSION = 5.0;
				TARGETED_DEVICE_FAMILY = "1,2";
				TEST_HOST = "$(BUILT_PRODUCTS_DIR)/CovidAlert.app/CovidAlert";
			};
			name = Debug;
		};
		6BA0A6A7258124FA00CD03A5 /* Release */ = {
			isa = XCBuildConfiguration;
			buildSettings = {
				ALWAYS_EMBED_SWIFT_STANDARD_LIBRARIES = YES;
				BUNDLE_LOADER = "$(TEST_HOST)";
				CODE_SIGN_STYLE = Automatic;
				DEVELOPMENT_TEAM = D47C2NZJN5;
				INFOPLIST_FILE = CovidAlertTests/Info.plist;
				IPHONEOS_DEPLOYMENT_TARGET = 14.0;
				LD_RUNPATH_SEARCH_PATHS = (
					"$(inherited)",
					"@executable_path/Frameworks",
					"@loader_path/Frameworks",
				);
				PRODUCT_BUNDLE_IDENTIFIER = Matthew.Garlington.CovidAlertTests;
				PRODUCT_NAME = "$(TARGET_NAME)";
				SWIFT_VERSION = 5.0;
				TARGETED_DEVICE_FAMILY = "1,2";
				TEST_HOST = "$(BUILT_PRODUCTS_DIR)/CovidAlert.app/CovidAlert";
			};
			name = Release;
		};
		6BA0A6A9258124FA00CD03A5 /* Debug */ = {
			isa = XCBuildConfiguration;
			buildSettings = {
				ALWAYS_EMBED_SWIFT_STANDARD_LIBRARIES = YES;
				CODE_SIGN_STYLE = Automatic;
				DEVELOPMENT_TEAM = D47C2NZJN5;
				INFOPLIST_FILE = CovidAlertUITests/Info.plist;
				LD_RUNPATH_SEARCH_PATHS = (
					"$(inherited)",
					"@executable_path/Frameworks",
					"@loader_path/Frameworks",
				);
				PRODUCT_BUNDLE_IDENTIFIER = Matthew.Garlington.CovidAlertUITests;
				PRODUCT_NAME = "$(TARGET_NAME)";
				SWIFT_VERSION = 5.0;
				TARGETED_DEVICE_FAMILY = "1,2";
				TEST_TARGET_NAME = CovidAlert;
			};
			name = Debug;
		};
		6BA0A6AA258124FA00CD03A5 /* Release */ = {
			isa = XCBuildConfiguration;
			buildSettings = {
				ALWAYS_EMBED_SWIFT_STANDARD_LIBRARIES = YES;
				CODE_SIGN_STYLE = Automatic;
				DEVELOPMENT_TEAM = D47C2NZJN5;
				INFOPLIST_FILE = CovidAlertUITests/Info.plist;
				LD_RUNPATH_SEARCH_PATHS = (
					"$(inherited)",
					"@executable_path/Frameworks",
					"@loader_path/Frameworks",
				);
				PRODUCT_BUNDLE_IDENTIFIER = Matthew.Garlington.CovidAlertUITests;
				PRODUCT_NAME = "$(TARGET_NAME)";
				SWIFT_VERSION = 5.0;
				TARGETED_DEVICE_FAMILY = "1,2";
				TEST_TARGET_NAME = CovidAlert;
			};
			name = Release;
		};
/* End XCBuildConfiguration section */

/* Begin XCConfigurationList section */
		6BA0A678258124F900CD03A5 /* Build configuration list for PBXProject "CovidAlert" */ = {
			isa = XCConfigurationList;
			buildConfigurations = (
				6BA0A6A0258124FA00CD03A5 /* Debug */,
				6BA0A6A1258124FA00CD03A5 /* Release */,
			);
			defaultConfigurationIsVisible = 0;
			defaultConfigurationName = Release;
		};
		6BA0A6A2258124FA00CD03A5 /* Build configuration list for PBXNativeTarget "CovidAlert" */ = {
			isa = XCConfigurationList;
			buildConfigurations = (
				6BA0A6A3258124FA00CD03A5 /* Debug */,
				6BA0A6A4258124FA00CD03A5 /* Release */,
			);
			defaultConfigurationIsVisible = 0;
			defaultConfigurationName = Release;
		};
		6BA0A6A5258124FA00CD03A5 /* Build configuration list for PBXNativeTarget "CovidAlertTests" */ = {
			isa = XCConfigurationList;
			buildConfigurations = (
				6BA0A6A6258124FA00CD03A5 /* Debug */,
				6BA0A6A7258124FA00CD03A5 /* Release */,
			);
			defaultConfigurationIsVisible = 0;
			defaultConfigurationName = Release;
		};
		6BA0A6A8258124FA00CD03A5 /* Build configuration list for PBXNativeTarget "CovidAlertUITests" */ = {
			isa = XCConfigurationList;
			buildConfigurations = (
				6BA0A6A9258124FA00CD03A5 /* Debug */,
				6BA0A6AA258124FA00CD03A5 /* Release */,
			);
			defaultConfigurationIsVisible = 0;
			defaultConfigurationName = Release;
		};
/* End XCConfigurationList section */

/* Begin XCRemoteSwiftPackageReference section */
		6B0ADBDA258523F7007BD794 /* XCRemoteSwiftPackageReference "apollo-ios" */ = {
			isa = XCRemoteSwiftPackageReference;
			repositoryURL = "https://github.com/apollographql/apollo-ios.git";
			requirement = {
				kind = upToNextMajorVersion;
				minimumVersion = 0.38.3;
			};
		};
		6B0ADBEB2585242F007BD794 /* XCRemoteSwiftPackageReference "FancyScrollView" */ = {
			isa = XCRemoteSwiftPackageReference;
			repositoryURL = "https://github.com/nerdsupremacist/FancyScrollView.git";
			requirement = {
				kind = upToNextMajorVersion;
				minimumVersion = 0.1.3;
			};
		};
		6B0ADBF02585246A007BD794 /* XCRemoteSwiftPackageReference "ChartView" */ = {
			isa = XCRemoteSwiftPackageReference;
			repositoryURL = "https://github.com/AppPear/ChartView.git";
			requirement = {
				kind = upToNextMajorVersion;
				minimumVersion = 1.5.4;
			};
		};
		6B0ADBF5258524BA007BD794 /* XCRemoteSwiftPackageReference "neumorphic" */ = {
			isa = XCRemoteSwiftPackageReference;
			repositoryURL = "https://github.com/costachung/neumorphic/";
			requirement = {
				kind = upToNextMajorVersion;
				minimumVersion = 1.2.4;
			};
		};
		6B0ADBFA258524EF007BD794 /* XCRemoteSwiftPackageReference "url-image" */ = {
			isa = XCRemoteSwiftPackageReference;
			repositoryURL = "https://github.com/dmytro-anokhin/url-image.git";
			requirement = {
				kind = upToNextMajorVersion;
				minimumVersion = 2.1.12;
			};
		};
		6B0BB4F42583251C00122B32 /* XCRemoteSwiftPackageReference "Kingfisher" */ = {
			isa = XCRemoteSwiftPackageReference;
			repositoryURL = "https://github.com/onevcat/Kingfisher.git";
			requirement = {
				kind = upToNextMajorVersion;
				minimumVersion = 5.15.8;
			};
		};
		6BAE9C322584243600CA9E16 /* XCRemoteSwiftPackageReference "Alamofire" */ = {
			isa = XCRemoteSwiftPackageReference;
			repositoryURL = "https://github.com/Alamofire/Alamofire.git";
			requirement = {
				kind = upToNextMajorVersion;
				minimumVersion = 5.4.0;
			};
		};
		6BAE9C382584246B00CA9E16 /* XCRemoteSwiftPackageReference "SwiftyJSON" */ = {
			isa = XCRemoteSwiftPackageReference;
			repositoryURL = "https://github.com/SwiftyJSON/SwiftyJSON.git";
			requirement = {
				kind = upToNextMajorVersion;
				minimumVersion = 5.0.0;
			};
		};
/* End XCRemoteSwiftPackageReference section */

/* Begin XCSwiftPackageProductDependency section */
		6B0ADBDB258523F7007BD794 /* ApolloSQLite */ = {
			isa = XCSwiftPackageProductDependency;
			package = 6B0ADBDA258523F7007BD794 /* XCRemoteSwiftPackageReference "apollo-ios" */;
			productName = ApolloSQLite;
		};
		6B0ADBDD258523F7007BD794 /* ApolloCore */ = {
			isa = XCSwiftPackageProductDependency;
			package = 6B0ADBDA258523F7007BD794 /* XCRemoteSwiftPackageReference "apollo-ios" */;
			productName = ApolloCore;
		};
		6B0ADBDF258523F7007BD794 /* ApolloWebSocket */ = {
			isa = XCSwiftPackageProductDependency;
			package = 6B0ADBDA258523F7007BD794 /* XCRemoteSwiftPackageReference "apollo-ios" */;
			productName = ApolloWebSocket;
		};
		6B0ADBE1258523F7007BD794 /* Apollo */ = {
			isa = XCSwiftPackageProductDependency;
			package = 6B0ADBDA258523F7007BD794 /* XCRemoteSwiftPackageReference "apollo-ios" */;
			productName = Apollo;
		};
		6B0ADBE6258523F7007BD794 /* ApolloCodegenLib */ = {
			isa = XCSwiftPackageProductDependency;
			package = 6B0ADBDA258523F7007BD794 /* XCRemoteSwiftPackageReference "apollo-ios" */;
			productName = ApolloCodegenLib;
		};
		6B0ADBEC2585242F007BD794 /* FancyScrollView */ = {
			isa = XCSwiftPackageProductDependency;
			package = 6B0ADBEB2585242F007BD794 /* XCRemoteSwiftPackageReference "FancyScrollView" */;
			productName = FancyScrollView;
		};
		6B0ADBF12585246A007BD794 /* SwiftUICharts */ = {
			isa = XCSwiftPackageProductDependency;
			package = 6B0ADBF02585246A007BD794 /* XCRemoteSwiftPackageReference "ChartView" */;
			productName = SwiftUICharts;
		};
		6B0ADBF6258524BA007BD794 /* Neumorphic */ = {
			isa = XCSwiftPackageProductDependency;
			package = 6B0ADBF5258524BA007BD794 /* XCRemoteSwiftPackageReference "neumorphic" */;
			productName = Neumorphic;
		};
		6B0ADBFB258524EF007BD794 /* URLImage */ = {
			isa = XCSwiftPackageProductDependency;
			package = 6B0ADBFA258524EF007BD794 /* XCRemoteSwiftPackageReference "url-image" */;
			productName = URLImage;
		};
		6B0BB4F52583251C00122B32 /* KingfisherSwiftUI */ = {
			isa = XCSwiftPackageProductDependency;
			package = 6B0BB4F42583251C00122B32 /* XCRemoteSwiftPackageReference "Kingfisher" */;
			productName = KingfisherSwiftUI;
		};
		6BAE9C332584243600CA9E16 /* Alamofire */ = {
			isa = XCSwiftPackageProductDependency;
			package = 6BAE9C322584243600CA9E16 /* XCRemoteSwiftPackageReference "Alamofire" */;
			productName = Alamofire;
		};
		6BAE9C392584246B00CA9E16 /* SwiftyJSON */ = {
			isa = XCSwiftPackageProductDependency;
			package = 6BAE9C382584246B00CA9E16 /* XCRemoteSwiftPackageReference "SwiftyJSON" */;
			productName = SwiftyJSON;
		};
/* End XCSwiftPackageProductDependency section */

/* Begin XCVersionGroup section */
		6B0ADBBB25852361007BD794 /* CoronaTracker.xcdatamodeld */ = {
			isa = XCVersionGroup;
			children = (
				6B0ADBBC25852361007BD794 /* CoronaTracker.xcdatamodel */,
			);
			currentVersion = 6B0ADBBC25852361007BD794 /* CoronaTracker.xcdatamodel */;
			name = CoronaTracker.xcdatamodeld;
			path = "../../../../../Downloads/CoronaTracker-master/Project/CoronaTracker/Model/Core Data/CoronaTracker.xcdatamodeld";
			sourceTree = "<group>";
			versionGroupType = wrapper.xcdatamodel;
		};
/* End XCVersionGroup section */
	};
	rootObject = 6BA0A675258124F900CD03A5 /* Project object */;
}
